// !$*UTF8*$!
{
	archiveVersion = 1;
	classes = {};
	objectVersion = 77;
	objects = {

/* Begin PBXBuildFile section */
		A90000000000000000000001 /* SpeechContextHints.swift in Sources */ = {isa = PBXBuildFile; fileRef = B90000000000000000000001 /* SpeechContextHints.swift */; };
		A90000000000000000000002 /* SpeechContextHints.swift in Sources */ = {isa = PBXBuildFile; fileRef = B90000000000000000000001 /* SpeechContextHints.swift */; };
		A80000000000000000000003 /* ApplicationContext.swift in Sources */ = {isa = PBXBuildFile; fileRef = B80000000000000000000001 /* ApplicationContext.swift */; };
		A80000000000000000000001 /* ApplicationContext.swift in Sources */ = {isa = PBXBuildFile; fileRef = B80000000000000000000001 /* ApplicationContext.swift */; };
		A80000000000000000000002 /* ApplicationContextCollector.swift in Sources */ = {isa = PBXBuildFile; fileRef = B80000000000000000000002 /* ApplicationContextCollector.swift */; };
		A50000000000000000000001 /* RefinementModelSettings.swift in Sources */ = {isa = PBXBuildFile; fileRef = B50000000000000000000001 /* RefinementModelSettings.swift */; };
		A50000000000000000000004 /* RefinementModelSettings.swift in Sources */ = {isa = PBXBuildFile; fileRef = B50000000000000000000001 /* RefinementModelSettings.swift */; };
		A60000000000000000000001 /* RefinementPromptSettings.swift in Sources */ = {isa = PBXBuildFile; fileRef = B60000000000000000000001 /* RefinementPromptSettings.swift */; };
		A60000000000000000000002 /* RefinementPromptSettings.swift in Sources */ = {isa = PBXBuildFile; fileRef = B60000000000000000000001 /* RefinementPromptSettings.swift */; };
		A60000000000000000000003 /* DefaultRefinementInstructions.txt in Resources */ = {isa = PBXBuildFile; fileRef = B60000000000000000000002 /* DefaultRefinementInstructions.txt */; };
		A60000000000000000000004 /* DefaultRefinementInstructions.txt in Resources */ = {isa = PBXBuildFile; fileRef = B60000000000000000000002 /* DefaultRefinementInstructions.txt */; };
		A10000000000000000000001 /* MorieApp.swift in Sources */ = {isa = PBXBuildFile; fileRef = B10000000000000000000001 /* MorieApp.swift */; };
		A10000000000000000000002 /* AppController.swift in Sources */ = {isa = PBXBuildFile; fileRef = B10000000000000000000002 /* AppController.swift */; };
		A70000000000000000000001 /* AppRuntimeController.swift in Sources */ = {isa = PBXBuildFile; fileRef = B70000000000000000000001 /* AppRuntimeController.swift */; };
		A70000000000000000000002 /* AppPreferencesController.swift in Sources */ = {isa = PBXBuildFile; fileRef = B70000000000000000000002 /* AppPreferencesController.swift */; };
		A70000000000000000000003 /* AppCapabilityController.swift in Sources */ = {isa = PBXBuildFile; fileRef = B70000000000000000000003 /* AppCapabilityController.swift */; };
		A10000000000000000000003 /* CapabilityGate.swift in Sources */ = {isa = PBXBuildFile; fileRef = B10000000000000000000003 /* CapabilityGate.swift */; };
		A10000000000000000000004 /* SpeechPipeline.swift in Sources */ = {isa = PBXBuildFile; fileRef = B10000000000000000000004 /* SpeechPipeline.swift */; };
		A10000000000000000000005 /* PushToTalkHotkey.swift in Sources */ = {isa = PBXBuildFile; fileRef = B10000000000000000000005 /* PushToTalkHotkey.swift */; };
		A10000000000000000000006 /* TextInjector.swift in Sources */ = {isa = PBXBuildFile; fileRef = B10000000000000000000006 /* TextInjector.swift */; };
		A10000000000000000000007 /* Diagnostics.swift in Sources */ = {isa = PBXBuildFile; fileRef = B10000000000000000000008 /* Diagnostics.swift */; };
		A10000000000000000000008 /* CaptureHUD.swift in Sources */ = {isa = PBXBuildFile; fileRef = B10000000000000000000009 /* CaptureHUD.swift */; };
		A10000000000000000000009 /* CaptureRecord.swift in Sources */ = {isa = PBXBuildFile; fileRef = B10000000000000000000010 /* CaptureRecord.swift */; };
		A1000000000000000000000A /* CaptureStore.swift in Sources */ = {isa = PBXBuildFile; fileRef = B10000000000000000000011 /* CaptureStore.swift */; };
		A1000000000000000000000B /* CaptureHistoryView.swift in Sources */ = {isa = PBXBuildFile; fileRef = B10000000000000000000012 /* CaptureHistoryView.swift */; };
		A30000000000000000000001 /* CaptureHistoryQuery.swift in Sources */ = {isa = PBXBuildFile; fileRef = B30000000000000000000001 /* CaptureHistoryQuery.swift */; };
		A1000000000000000000000C /* MorieControlCenter.swift in Sources */ = {isa = PBXBuildFile; fileRef = B10000000000000000000013 /* MorieControlCenter.swift */; };
		A1000000000000000000000D /* CaptureAudioSource.swift in Sources */ = {isa = PBXBuildFile; fileRef = B10000000000000000000015 /* CaptureAudioSource.swift */; };
		A1000000000000000000000E /* CaptureFileTranscriber.swift in Sources */ = {isa = PBXBuildFile; fileRef = B10000000000000000000016 /* CaptureFileTranscriber.swift */; };
		A1000000000000000000000F /* CaptureHistoryController.swift in Sources */ = {isa = PBXBuildFile; fileRef = B10000000000000000000017 /* CaptureHistoryController.swift */; };
		A10000000000000000000010 /* CaptureAudioStream.swift in Sources */ = {isa = PBXBuildFile; fileRef = B10000000000000000000018 /* CaptureAudioStream.swift */; };
		A10000000000000000000011 /* MemoryRecord.swift in Sources */ = {isa = PBXBuildFile; fileRef = B10000000000000000000019 /* MemoryRecord.swift */; };
		A10000000000000000000012 /* MemoryStore.swift in Sources */ = {isa = PBXBuildFile; fileRef = B10000000000000000000020 /* MemoryStore.swift */; };
		A10000000000000000000013 /* MemoryContextRetriever.swift in Sources */ = {isa = PBXBuildFile; fileRef = B10000000000000000000021 /* MemoryContextRetriever.swift */; };
		A10000000000000000000014 /* MemoryView.swift in Sources */ = {isa = PBXBuildFile; fileRef = B10000000000000000000022 /* MemoryView.swift */; };
		A10000000000000000000015 /* MemoryAnalysisRecord.swift in Sources */ = {isa = PBXBuildFile; fileRef = B10000000000000000000023 /* MemoryAnalysisRecord.swift */; };
		A10000000000000000000016 /* MemoryLearner.swift in Sources */ = {isa = PBXBuildFile; fileRef = B10000000000000000000024 /* MemoryLearner.swift */; };
		A10000000000000000000017 /* MemoryLearningController.swift in Sources */ = {isa = PBXBuildFile; fileRef = B10000000000000000000025 /* MemoryLearningController.swift */; };
		A10000000000000000000018 /* MemoryLearningView.swift in Sources */ = {isa = PBXBuildFile; fileRef = B10000000000000000000026 /* MemoryLearningView.swift */; };
		A10000000000000000000019 /* CaptureRefinement.swift in Sources */ = {isa = PBXBuildFile; fileRef = B10000000000000000000027 /* CaptureRefinement.swift */; };
		A1000000000000000000001A /* InputRefiner.swift in Sources */ = {isa = PBXBuildFile; fileRef = B10000000000000000000028 /* InputRefiner.swift */; };
		A1000000000000000000001B /* CapturePersonalizer.swift in Sources */ = {isa = PBXBuildFile; fileRef = B10000000000000000000029 /* CapturePersonalizer.swift */; };
		A20000000000000000000001 /* CaptureStoreTests.swift in Sources */ = {isa = PBXBuildFile; fileRef = B20000000000000000000001 /* CaptureStoreTests.swift */; };
		A20000000000000000000002 /* CaptureRecord.swift in Sources */ = {isa = PBXBuildFile; fileRef = B10000000000000000000010 /* CaptureRecord.swift */; };
		A20000000000000000000003 /* CaptureStore.swift in Sources */ = {isa = PBXBuildFile; fileRef = B10000000000000000000011 /* CaptureStore.swift */; };
		A20000000000000000000004 /* TestDiagnostics.swift in Sources */ = {isa = PBXBuildFile; fileRef = B20000000000000000000004 /* TestDiagnostics.swift */; };
		A20000000000000000000005 /* CaptureFileTranscriber.swift in Sources */ = {isa = PBXBuildFile; fileRef = B10000000000000000000016 /* CaptureFileTranscriber.swift */; };
		A20000000000000000000006 /* CaptureHistoryController.swift in Sources */ = {isa = PBXBuildFile; fileRef = B10000000000000000000017 /* CaptureHistoryController.swift */; };
		A20000000000000000000007 /* CaptureHistoryTests.swift in Sources */ = {isa = PBXBuildFile; fileRef = B20000000000000000000003 /* CaptureHistoryTests.swift */; };
		A30000000000000000000002 /* CaptureHistoryQuery.swift in Sources */ = {isa = PBXBuildFile; fileRef = B30000000000000000000001 /* CaptureHistoryQuery.swift */; };
		A20000000000000000000008 /* CaptureAudioStream.swift in Sources */ = {isa = PBXBuildFile; fileRef = B10000000000000000000018 /* CaptureAudioStream.swift */; };
		A20000000000000000000009 /* CaptureAudioStreamTests.swift in Sources */ = {isa = PBXBuildFile; fileRef = B20000000000000000000005 /* CaptureAudioStreamTests.swift */; };
		A2000000000000000000000A /* MemoryRecord.swift in Sources */ = {isa = PBXBuildFile; fileRef = B10000000000000000000019 /* MemoryRecord.swift */; };
		A2000000000000000000000B /* MemoryStore.swift in Sources */ = {isa = PBXBuildFile; fileRef = B10000000000000000000020 /* MemoryStore.swift */; };
		A2000000000000000000000C /* MemoryContextRetriever.swift in Sources */ = {isa = PBXBuildFile; fileRef = B10000000000000000000021 /* MemoryContextRetriever.swift */; };
		A2000000000000000000000D /* MemoryTests.swift in Sources */ = {isa = PBXBuildFile; fileRef = B20000000000000000000006 /* MemoryTests.swift */; };
		A2000000000000000000000E /* MemoryAnalysisRecord.swift in Sources */ = {isa = PBXBuildFile; fileRef = B10000000000000000000023 /* MemoryAnalysisRecord.swift */; };
		A2000000000000000000000F /* MemoryLearner.swift in Sources */ = {isa = PBXBuildFile; fileRef = B10000000000000000000024 /* MemoryLearner.swift */; };
		A20000000000000000000010 /* MemoryLearningController.swift in Sources */ = {isa = PBXBuildFile; fileRef = B10000000000000000000025 /* MemoryLearningController.swift */; };
		A20000000000000000000011 /* MemoryLearningTests.swift in Sources */ = {isa = PBXBuildFile; fileRef = B20000000000000000000007 /* MemoryLearningTests.swift */; };
		A20000000000000000000012 /* CaptureRefinement.swift in Sources */ = {isa = PBXBuildFile; fileRef = B10000000000000000000027 /* CaptureRefinement.swift */; };
		A20000000000000000000013 /* InputRefiner.swift in Sources */ = {isa = PBXBuildFile; fileRef = B10000000000000000000028 /* InputRefiner.swift */; };
		A20000000000000000000014 /* CapturePersonalizer.swift in Sources */ = {isa = PBXBuildFile; fileRef = B10000000000000000000029 /* CapturePersonalizer.swift */; };
		A20000000000000000000015 /* PersonalizationTests.swift in Sources */ = {isa = PBXBuildFile; fileRef = B20000000000000000000008 /* PersonalizationTests.swift */; };
		A1000000000000000000001C /* DictionaryStore.swift in Sources */ = {isa = PBXBuildFile; fileRef = B10000000000000000000030 /* DictionaryStore.swift */; };
		A20000000000000000000016 /* DictionaryStore.swift in Sources */ = {isa = PBXBuildFile; fileRef = B10000000000000000000030 /* DictionaryStore.swift */; };
		A1000000000000000000001D /* DictionaryView.swift in Sources */ = {isa = PBXBuildFile; fileRef = B10000000000000000000031 /* DictionaryView.swift */; };
		A20000000000000000000017 /* DictionaryTests.swift in Sources */ = {isa = PBXBuildFile; fileRef = B20000000000000000000009 /* DictionaryTests.swift */; };
		A1000000000000000000001E /* DictionaryCorrection.swift in Sources */ = {isa = PBXBuildFile; fileRef = B10000000000000000000032 /* DictionaryCorrection.swift */; };
		A20000000000000000000018 /* DictionaryCorrection.swift in Sources */ = {isa = PBXBuildFile; fileRef = B10000000000000000000032 /* DictionaryCorrection.swift */; };
		A1000000000000000000001F /* PostInsertionLearningController.swift in Sources */ = {isa = PBXBuildFile; fileRef = B10000000000000000000033 /* PostInsertionLearningController.swift */; };
		A20000000000000000000019 /* DictionaryCorrectionTests.swift in Sources */ = {isa = PBXBuildFile; fileRef = B20000000000000000000010 /* DictionaryCorrectionTests.swift */; };
		A10000000000000000000020 /* PermissionSetupController.swift in Sources */ = {isa = PBXBuildFile; fileRef = B10000000000000000000034 /* PermissionSetupController.swift */; };
		A10000000000000000000021 /* MorieSetupView.swift in Sources */ = {isa = PBXBuildFile; fileRef = B10000000000000000000035 /* MorieSetupView.swift */; };
		A2000000000000000000001A /* PermissionSetupController.swift in Sources */ = {isa = PBXBuildFile; fileRef = B10000000000000000000034 /* PermissionSetupController.swift */; };
		A2000000000000000000001B /* PermissionSetupTests.swift in Sources */ = {isa = PBXBuildFile; fileRef = B20000000000000000000011 /* PermissionSetupTests.swift */; };
		A2000000000000000000001C /* CapabilityGate.swift in Sources */ = {isa = PBXBuildFile; fileRef = B10000000000000000000003 /* CapabilityGate.swift */; };
		A2000000000000000000001D /* CaptureHUD.swift in Sources */ = {isa = PBXBuildFile; fileRef = B10000000000000000000009 /* CaptureHUD.swift */; };
		A2000000000000000000001E /* CaptureHUDTests.swift in Sources */ = {isa = PBXBuildFile; fileRef = B20000000000000000000012 /* CaptureHUDTests.swift */; };
		A10000000000000000000023 /* ExpressionProfile.swift in Sources */ = {isa = PBXBuildFile; fileRef = B10000000000000000000037 /* ExpressionProfile.swift */; };
		A10000000000000000000024 /* ICloudSyncSettings.swift in Sources */ = {isa = PBXBuildFile; fileRef = B10000000000000000000038 /* ICloudSyncSettings.swift */; };
		A10000000000000000000025 /* CaptureSessionController.swift in Sources */ = {isa = PBXBuildFile; fileRef = B10000000000000000000039 /* CaptureSessionController.swift */; };
		A10000000000000000000026 /* CapturePersistenceWriter.swift in Sources */ = {isa = PBXBuildFile; fileRef = B10000000000000000000040 /* CapturePersistenceWriter.swift */; };
		A10000000000000000000027 /* SpeechRecognitionBackend.swift in Sources */ = {isa = PBXBuildFile; fileRef = B10000000000000000000041 /* SpeechRecognitionBackend.swift */; };
		A10000000000000000000028 /* OverviewView.swift in Sources */ = {isa = PBXBuildFile; fileRef = B10000000000000000000042 /* OverviewView.swift */; };
		A10000000000000000000029 /* CaptureSoundFeedback.swift in Sources */ = {isa = PBXBuildFile; fileRef = B10000000000000000000043 /* CaptureSoundFeedback.swift */; };
		A2000000000000000000001F /* ExpressionProfile.swift in Sources */ = {isa = PBXBuildFile; fileRef = B10000000000000000000037 /* ExpressionProfile.swift */; };
		A20000000000000000000020 /* ExpressionProfileTests.swift in Sources */ = {isa = PBXBuildFile; fileRef = B20000000000000000000013 /* ExpressionProfileTests.swift */; };
		A20000000000000000000021 /* CapturePersistenceWriter.swift in Sources */ = {isa = PBXBuildFile; fileRef = B10000000000000000000040 /* CapturePersistenceWriter.swift */; };
		A20000000000000000000022 /* SpeechRecognitionBackend.swift in Sources */ = {isa = PBXBuildFile; fileRef = B10000000000000000000041 /* SpeechRecognitionBackend.swift */; };
		A20000000000000000000023 /* CaptureSoundFeedback.swift in Sources */ = {isa = PBXBuildFile; fileRef = B10000000000000000000043 /* CaptureSoundFeedback.swift */; };
		A10000000000000000000022 /* InfoPlist.strings in Resources */ = {isa = PBXBuildFile; fileRef = D10000000000000000000004 /* InfoPlist.strings */; };
		A45000000000000000000001 /* MorieRuntimeIPC.swift in Sources */ = {isa = PBXBuildFile; fileRef = B45000000000000000000002 /* MorieRuntimeIPC.swift */;};
		A45000000000000000000002 /* MorieRuntimeClient.swift in Sources */ = {isa = PBXBuildFile; fileRef = B45000000000000000000003 /* MorieRuntimeClient.swift */;};
		A45000000000000000000003 /* CaptureShortcut.swift in Sources */ = {isa = PBXBuildFile; fileRef = B45000000000000000000004 /* CaptureShortcut.swift */;};
		A45000000000000000000004 /* RefinementModelConfiguration.swift in Sources */ = {isa = PBXBuildFile; fileRef = B45000000000000000000005 /* RefinementModelConfiguration.swift */;};
		A45000000000000000000005 /* DictionaryPresentationStore.swift in Sources */ = {isa = PBXBuildFile; fileRef = B45000000000000000000006 /* DictionaryPresentationStore.swift */;};
		A45000000000000000000006 /* MemoryPresentationStore.swift in Sources */ = {isa = PBXBuildFile; fileRef = B45000000000000000000007 /* MemoryPresentationStore.swift */;};
		A45000000000000000000007 /* MorieDefaults.swift in Sources */ = {isa = PBXBuildFile; fileRef = B45000000000000000000010 /* MorieDefaults.swift */;};
		A45000000000000000000008 /* RefinementModelConfiguration.swift in Sources */ = {isa = PBXBuildFile; fileRef = B45000000000000000000005 /* RefinementModelConfiguration.swift */;};
		A45000000000000000000009 /* MorieDefaults.swift in Sources */ = {isa = PBXBuildFile; fileRef = B45000000000000000000010 /* MorieDefaults.swift */;};
		A4500000000000000000000A /* DefaultRefinementInstructions.txt in Resources */ = {isa = PBXBuildFile; fileRef = B60000000000000000000002 /* DefaultRefinementInstructions.txt */; };
		A4500000000000000000000B /* Morie Runtime.app in Embed Runtime */ = {isa = PBXBuildFile; fileRef = B45000000000000000000001 /* Morie Runtime.app */; settings = {ATTRIBUTES = (CodeSignOnCopy, RemoveHeadersOnCopy, ); }; };
		A4500000000000000000000C /* me.morie.mac.runtime.plist in Copy Runtime LaunchAgent */ = {isa = PBXBuildFile; fileRef = B4500000000000000000000E /* me.morie.mac.runtime.plist */; };
		A4500000000000000000000D /* SpeechContextHints.swift in Sources */ = {isa = PBXBuildFile; fileRef = B90000000000000000000001 /* SpeechContextHints.swift */;};
		A4500000000000000000000E /* ApplicationContext.swift in Sources */ = {isa = PBXBuildFile; fileRef = B80000000000000000000001 /* ApplicationContext.swift */;};
		A4500000000000000000000F /* ApplicationContextCollector.swift in Sources */ = {isa = PBXBuildFile; fileRef = B80000000000000000000002 /* ApplicationContextCollector.swift */;};
		A45000000000000000000010 /* RefinementModelSettings.swift in Sources */ = {isa = PBXBuildFile; fileRef = B50000000000000000000001 /* RefinementModelSettings.swift */;};
		A45000000000000000000011 /* RefinementPromptSettings.swift in Sources */ = {isa = PBXBuildFile; fileRef = B60000000000000000000001 /* RefinementPromptSettings.swift */;};
		A45000000000000000000012 /* PermissionSetupController.swift in Sources */ = {isa = PBXBuildFile; fileRef = B10000000000000000000034 /* PermissionSetupController.swift */;};
		A45000000000000000000013 /* AppRuntimeController.swift in Sources */ = {isa = PBXBuildFile; fileRef = B70000000000000000000001 /* AppRuntimeController.swift */;};
		A45000000000000000000014 /* AppPreferencesController.swift in Sources */ = {isa = PBXBuildFile; fileRef = B70000000000000000000002 /* AppPreferencesController.swift */;};
		A45000000000000000000015 /* CapabilityGate.swift in Sources */ = {isa = PBXBuildFile; fileRef = B10000000000000000000003 /* CapabilityGate.swift */;};
		A45000000000000000000016 /* SpeechPipeline.swift in Sources */ = {isa = PBXBuildFile; fileRef = B10000000000000000000004 /* SpeechPipeline.swift */;};
		A45000000000000000000017 /* PushToTalkHotkey.swift in Sources */ = {isa = PBXBuildFile; fileRef = B10000000000000000000005 /* PushToTalkHotkey.swift */;};
		A45000000000000000000018 /* TextInjector.swift in Sources */ = {isa = PBXBuildFile; fileRef = B10000000000000000000006 /* TextInjector.swift */;};
		A45000000000000000000019 /* Diagnostics.swift in Sources */ = {isa = PBXBuildFile; fileRef = B10000000000000000000008 /* Diagnostics.swift */;};
		A4500000000000000000001A /* CaptureHUD.swift in Sources */ = {isa = PBXBuildFile; fileRef = B10000000000000000000009 /* CaptureHUD.swift */;};
		A4500000000000000000001B /* CaptureSessionController.swift in Sources */ = {isa = PBXBuildFile; fileRef = B10000000000000000000039 /* CaptureSessionController.swift */;};
		A4500000000000000000001C /* CapturePersistenceWriter.swift in Sources */ = {isa = PBXBuildFile; fileRef = B10000000000000000000040 /* CapturePersistenceWriter.swift */;};
		A4500000000000000000001D /* SpeechRecognitionBackend.swift in Sources */ = {isa = PBXBuildFile; fileRef = B10000000000000000000041 /* SpeechRecognitionBackend.swift */;};
		A4500000000000000000001E /* CaptureSoundFeedback.swift in Sources */ = {isa = PBXBuildFile; fileRef = B10000000000000000000043 /* CaptureSoundFeedback.swift */;};
		A4500000000000000000001F /* CaptureRecord.swift in Sources */ = {isa = PBXBuildFile; fileRef = B10000000000000000000010 /* CaptureRecord.swift */;};
		A45000000000000000000020 /* CaptureStore.swift in Sources */ = {isa = PBXBuildFile; fileRef = B10000000000000000000011 /* CaptureStore.swift */;};
		A45000000000000000000021 /* CaptureHistoryQuery.swift in Sources */ = {isa = PBXBuildFile; fileRef = B30000000000000000000001 /* CaptureHistoryQuery.swift */;};
		A45000000000000000000022 /* CaptureAudioSource.swift in Sources */ = {isa = PBXBuildFile; fileRef = B10000000000000000000015 /* CaptureAudioSource.swift */;};
		A45000000000000000000023 /* CaptureFileTranscriber.swift in Sources */ = {isa = PBXBuildFile; fileRef = B10000000000000000000016 /* CaptureFileTranscriber.swift */;};
		A45000000000000000000024 /* CaptureAudioStream.swift in Sources */ = {isa = PBXBuildFile; fileRef = B10000000000000000000018 /* CaptureAudioStream.swift */;};
		A45000000000000000000025 /* MemoryRecord.swift in Sources */ = {isa = PBXBuildFile; fileRef = B10000000000000000000019 /* MemoryRecord.swift */;};
		A45000000000000000000026 /* MemoryStore.swift in Sources */ = {isa = PBXBuildFile; fileRef = B10000000000000000000020 /* MemoryStore.swift */;};
		A45000000000000000000027 /* MemoryContextRetriever.swift in Sources */ = {isa = PBXBuildFile; fileRef = B10000000000000000000021 /* MemoryContextRetriever.swift */;};
		A45000000000000000000028 /* MemoryAnalysisRecord.swift in Sources */ = {isa = PBXBuildFile; fileRef = B10000000000000000000023 /* MemoryAnalysisRecord.swift */;};
		A45000000000000000000029 /* MemoryLearner.swift in Sources */ = {isa = PBXBuildFile; fileRef = B10000000000000000000024 /* MemoryLearner.swift */;};
		A4500000000000000000002A /* MemoryLearningController.swift in Sources */ = {isa = PBXBuildFile; fileRef = B10000000000000000000025 /* MemoryLearningController.swift */;};
		A4500000000000000000002B /* CaptureRefinement.swift in Sources */ = {isa = PBXBuildFile; fileRef = B10000000000000000000027 /* CaptureRefinement.swift */;};
		A4500000000000000000002C /* InputRefiner.swift in Sources */ = {isa = PBXBuildFile; fileRef = B10000000000000000000028 /* InputRefiner.swift */;};
		A4500000000000000000002D /* CapturePersonalizer.swift in Sources */ = {isa = PBXBuildFile; fileRef = B10000000000000000000029 /* CapturePersonalizer.swift */;};
		A4500000000000000000002E /* ExpressionProfile.swift in Sources */ = {isa = PBXBuildFile; fileRef = B10000000000000000000037 /* ExpressionProfile.swift */;};
		A4500000000000000000002F /* ICloudSyncSettings.swift in Sources */ = {isa = PBXBuildFile; fileRef = B10000000000000000000038 /* ICloudSyncSettings.swift */;};
		A45000000000000000000030 /* PostInsertionLearningController.swift in Sources */ = {isa = PBXBuildFile; fileRef = B10000000000000000000033 /* PostInsertionLearningController.swift */;};
		A45000000000000000000031 /* DictionaryCorrection.swift in Sources */ = {isa = PBXBuildFile; fileRef = B10000000000000000000032 /* DictionaryCorrection.swift */;};
		A45000000000000000000032 /* DictionaryStore.swift in Sources */ = {isa = PBXBuildFile; fileRef = B10000000000000000000030 /* DictionaryStore.swift */;};
		A45000000000000000000033 /* CaptureShortcut.swift in Sources */ = {isa = PBXBuildFile; fileRef = B45000000000000000000004 /* CaptureShortcut.swift */;};
		A45000000000000000000034 /* RefinementModelConfiguration.swift in Sources */ = {isa = PBXBuildFile; fileRef = B45000000000000000000005 /* RefinementModelConfiguration.swift */;};
		A45000000000000000000035 /* MorieDefaults.swift in Sources */ = {isa = PBXBuildFile; fileRef = B45000000000000000000010 /* MorieDefaults.swift */;};
		A45000000000000000000036 /* MorieRuntimeIPC.swift in Sources */ = {isa = PBXBuildFile; fileRef = B45000000000000000000002 /* MorieRuntimeIPC.swift */;};
		A45000000000000000000037 /* MorieRuntimeController.swift in Sources */ = {isa = PBXBuildFile; fileRef = B45000000000000000000008 /* MorieRuntimeController.swift */;};
		A45000000000000000000038 /* MorieRuntimeCapabilityController.swift in Sources */ = {isa = PBXBuildFile; fileRef = B45000000000000000000009 /* MorieRuntimeCapabilityController.swift */;};
		A45000000000000000000039 /* MorieRuntimeMain.swift in Sources */ = {isa = PBXBuildFile; fileRef = B4500000000000000000000A /* MorieRuntimeMain.swift */;};
		A4500000000000000000003A /* MorieRuntimeStatusItem.swift in Sources */ = {isa = PBXBuildFile; fileRef = B4500000000000000000000B /* MorieRuntimeStatusItem.swift */;};
		A4500000000000000000003B /* MorieRuntimeXPCServer.swift in Sources */ = {isa = PBXBuildFile; fileRef = B4500000000000000000000C /* MorieRuntimeXPCServer.swift */;};
		A4500000000000000000003C /* RuntimeCaptureHistoryController.swift in Sources */ = {isa = PBXBuildFile; fileRef = B4500000000000000000000D /* RuntimeCaptureHistoryController.swift */;};
/* End PBXBuildFile section */

/* Begin PBXContainerItemProxy section */
		C46000000000000000000001 /* PBXContainerItemProxy */ = {
			isa = PBXContainerItemProxy;
			containerPortal = E10000000000000000000002 /* Project object */;
			proxyType = 1;
			remoteGlobalIDString = E45000000000000000000001;
			remoteInfo = "Morie Runtime";
		};
/* End PBXContainerItemProxy section */

/* Begin PBXCopyFilesBuildPhase section */
		C45000000000000000000004 /* Embed Runtime */ = {
			isa = PBXCopyFilesBuildPhase;
			buildActionMask = 2147483647;
			dstPath = "Contents/Library/LoginItems";
			dstSubfolderSpec = 1;
			files = (
				A4500000000000000000000B /* Morie Runtime.app in Embed Runtime */,
			);
			name = "Embed Runtime";
			runOnlyForDeploymentPostprocessing = 0;
		};
		C45000000000000000000005 /* Copy Runtime LaunchAgent */ = {
			isa = PBXCopyFilesBuildPhase;
			buildActionMask = 2147483647;
			dstPath = "Contents/Library/LaunchAgents";
			dstSubfolderSpec = 1;
			files = (
				A4500000000000000000000C /* me.morie.mac.runtime.plist in Copy Runtime LaunchAgent */,
			);
			name = "Copy Runtime LaunchAgent";
			runOnlyForDeploymentPostprocessing = 0;
		};
/* End PBXCopyFilesBuildPhase section */

/* Begin PBXFileReference section */
		BA0000000000000000000001 /* Signing.xcconfig */ = {isa = PBXFileReference; lastKnownFileType = text.xcconfig; path = Signing.xcconfig; sourceTree = "<group>"; };
		BA0000000000000000000002 /* LocalSigning.xcconfig.example */ = {isa = PBXFileReference; lastKnownFileType = text; path = LocalSigning.xcconfig.example; sourceTree = "<group>"; };
		B90000000000000000000001 /* SpeechContextHints.swift */ = {isa = PBXFileReference; lastKnownFileType = sourcecode.swift; path = SpeechContextHints.swift; sourceTree = "<group>"; };
		B80000000000000000000001 /* ApplicationContext.swift */ = {isa = PBXFileReference; lastKnownFileType = sourcecode.swift; path = ApplicationContext.swift; sourceTree = "<group>"; };
		B80000000000000000000002 /* ApplicationContextCollector.swift */ = {isa = PBXFileReference; lastKnownFileType = sourcecode.swift; path = ApplicationContextCollector.swift; sourceTree = "<group>"; };
		B50000000000000000000001 /* RefinementModelSettings.swift */ = {isa = PBXFileReference; lastKnownFileType = sourcecode.swift; path = RefinementModelSettings.swift; sourceTree = "<group>"; };
		B60000000000000000000001 /* RefinementPromptSettings.swift */ = {isa = PBXFileReference; lastKnownFileType = sourcecode.swift; path = RefinementPromptSettings.swift; sourceTree = "<group>"; };
		B60000000000000000000002 /* DefaultRefinementInstructions.txt */ = {isa = PBXFileReference; lastKnownFileType = text; path = DefaultRefinementInstructions.txt; sourceTree = "<group>"; };
		B10000000000000000000001 /* MorieApp.swift */ = {isa = PBXFileReference; lastKnownFileType = sourcecode.swift; path = MorieApp.swift; sourceTree = "<group>"; };
		B10000000000000000000002 /* AppController.swift */ = {isa = PBXFileReference; lastKnownFileType = sourcecode.swift; path = AppController.swift; sourceTree = "<group>"; };
		B70000000000000000000001 /* AppRuntimeController.swift */ = {isa = PBXFileReference; lastKnownFileType = sourcecode.swift; path = AppRuntimeController.swift; sourceTree = "<group>"; };
		B70000000000000000000002 /* AppPreferencesController.swift */ = {isa = PBXFileReference; lastKnownFileType = sourcecode.swift; path = AppPreferencesController.swift; sourceTree = "<group>"; };
		B70000000000000000000003 /* AppCapabilityController.swift */ = {isa = PBXFileReference; lastKnownFileType = sourcecode.swift; path = AppCapabilityController.swift; sourceTree = "<group>"; };
		B10000000000000000000003 /* CapabilityGate.swift */ = {isa = PBXFileReference; lastKnownFileType = sourcecode.swift; path = CapabilityGate.swift; sourceTree = "<group>"; };
		B10000000000000000000004 /* SpeechPipeline.swift */ = {isa = PBXFileReference; lastKnownFileType = sourcecode.swift; path = SpeechPipeline.swift; sourceTree = "<group>"; };
		B10000000000000000000005 /* PushToTalkHotkey.swift */ = {isa = PBXFileReference; lastKnownFileType = sourcecode.swift; path = PushToTalkHotkey.swift; sourceTree = "<group>"; };
		B10000000000000000000006 /* TextInjector.swift */ = {isa = PBXFileReference; lastKnownFileType = sourcecode.swift; path = TextInjector.swift; sourceTree = "<group>"; };
		B10000000000000000000007 /* Morie.app */ = {isa = PBXFileReference; explicitFileType = wrapper.application; includeInIndex = 0; path = Morie.app; sourceTree = BUILT_PRODUCTS_DIR; };
		B10000000000000000000008 /* Diagnostics.swift */ = {isa = PBXFileReference; lastKnownFileType = sourcecode.swift; path = Diagnostics.swift; sourceTree = "<group>"; };
		B10000000000000000000009 /* CaptureHUD.swift */ = {isa = PBXFileReference; lastKnownFileType = sourcecode.swift; path = CaptureHUD.swift; sourceTree = "<group>"; };
		B10000000000000000000010 /* CaptureRecord.swift */ = {isa = PBXFileReference; lastKnownFileType = sourcecode.swift; path = CaptureRecord.swift; sourceTree = "<group>"; };
		B10000000000000000000011 /* CaptureStore.swift */ = {isa = PBXFileReference; lastKnownFileType = sourcecode.swift; path = CaptureStore.swift; sourceTree = "<group>"; };
		B10000000000000000000012 /* CaptureHistoryView.swift */ = {isa = PBXFileReference; lastKnownFileType = sourcecode.swift; path = CaptureHistoryView.swift; sourceTree = "<group>"; };
		B30000000000000000000001 /* CaptureHistoryQuery.swift */ = {isa = PBXFileReference; lastKnownFileType = sourcecode.swift; path = CaptureHistoryQuery.swift; sourceTree = "<group>"; };
		B10000000000000000000013 /* MorieControlCenter.swift */ = {isa = PBXFileReference; lastKnownFileType = sourcecode.swift; path = MorieControlCenter.swift; sourceTree = "<group>"; };
		B10000000000000000000014 /* Morie.entitlements */ = {isa = PBXFileReference; lastKnownFileType = text.plist.entitlements; path = Morie.entitlements; sourceTree = "<group>"; };
		B10000000000000000000015 /* CaptureAudioSource.swift */ = {isa = PBXFileReference; lastKnownFileType = sourcecode.swift; path = CaptureAudioSource.swift; sourceTree = "<group>"; };
		B10000000000000000000016 /* CaptureFileTranscriber.swift */ = {isa = PBXFileReference; lastKnownFileType = sourcecode.swift; path = CaptureFileTranscriber.swift; sourceTree = "<group>"; };
		B10000000000000000000017 /* CaptureHistoryController.swift */ = {isa = PBXFileReference; lastKnownFileType = sourcecode.swift; path = CaptureHistoryController.swift; sourceTree = "<group>"; };
		B10000000000000000000018 /* CaptureAudioStream.swift */ = {isa = PBXFileReference; lastKnownFileType = sourcecode.swift; path = CaptureAudioStream.swift; sourceTree = "<group>"; };
		B10000000000000000000019 /* MemoryRecord.swift */ = {isa = PBXFileReference; lastKnownFileType = sourcecode.swift; path = MemoryRecord.swift; sourceTree = "<group>"; };
		B10000000000000000000020 /* MemoryStore.swift */ = {isa = PBXFileReference; lastKnownFileType = sourcecode.swift; path = MemoryStore.swift; sourceTree = "<group>"; };
		B10000000000000000000021 /* MemoryContextRetriever.swift */ = {isa = PBXFileReference; lastKnownFileType = sourcecode.swift; path = MemoryContextRetriever.swift; sourceTree = "<group>"; };
		B10000000000000000000022 /* MemoryView.swift */ = {isa = PBXFileReference; lastKnownFileType = sourcecode.swift; path = MemoryView.swift; sourceTree = "<group>"; };
		B10000000000000000000023 /* MemoryAnalysisRecord.swift */ = {isa = PBXFileReference; lastKnownFileType = sourcecode.swift; path = MemoryAnalysisRecord.swift; sourceTree = "<group>"; };
		B10000000000000000000024 /* MemoryLearner.swift */ = {isa = PBXFileReference; lastKnownFileType = sourcecode.swift; path = MemoryLearner.swift; sourceTree = "<group>"; };
		B10000000000000000000025 /* MemoryLearningController.swift */ = {isa = PBXFileReference; lastKnownFileType = sourcecode.swift; path = MemoryLearningController.swift; sourceTree = "<group>"; };
		B10000000000000000000026 /* MemoryLearningView.swift */ = {isa = PBXFileReference; lastKnownFileType = sourcecode.swift; path = MemoryLearningView.swift; sourceTree = "<group>"; };
		B10000000000000000000027 /* CaptureRefinement.swift */ = {isa = PBXFileReference; lastKnownFileType = sourcecode.swift; path = CaptureRefinement.swift; sourceTree = "<group>"; };
		B10000000000000000000028 /* InputRefiner.swift */ = {isa = PBXFileReference; lastKnownFileType = sourcecode.swift; path = InputRefiner.swift; sourceTree = "<group>"; };
		B10000000000000000000029 /* CapturePersonalizer.swift */ = {isa = PBXFileReference; lastKnownFileType = sourcecode.swift; path = CapturePersonalizer.swift; sourceTree = "<group>"; };
		B20000000000000000000001 /* CaptureStoreTests.swift */ = {isa = PBXFileReference; lastKnownFileType = sourcecode.swift; path = CaptureStoreTests.swift; sourceTree = "<group>"; };
		B20000000000000000000002 /* MorieTests.xctest */ = {isa = PBXFileReference; explicitFileType = wrapper.cfbundle; includeInIndex = 0; path = MorieTests.xctest; sourceTree = BUILT_PRODUCTS_DIR; };
		B20000000000000000000003 /* CaptureHistoryTests.swift */ = {isa = PBXFileReference; lastKnownFileType = sourcecode.swift; path = CaptureHistoryTests.swift; sourceTree = "<group>"; };
		B20000000000000000000004 /* TestDiagnostics.swift */ = {isa = PBXFileReference; lastKnownFileType = sourcecode.swift; path = TestDiagnostics.swift; sourceTree = "<group>"; };
		B20000000000000000000005 /* CaptureAudioStreamTests.swift */ = {isa = PBXFileReference; lastKnownFileType = sourcecode.swift; path = CaptureAudioStreamTests.swift; sourceTree = "<group>"; };
		B20000000000000000000006 /* MemoryTests.swift */ = {isa = PBXFileReference; lastKnownFileType = sourcecode.swift; path = MemoryTests.swift; sourceTree = "<group>"; };
		B20000000000000000000007 /* MemoryLearningTests.swift */ = {isa = PBXFileReference; lastKnownFileType = sourcecode.swift; path = MemoryLearningTests.swift; sourceTree = "<group>"; };
		B20000000000000000000008 /* PersonalizationTests.swift */ = {isa = PBXFileReference; lastKnownFileType = sourcecode.swift; path = PersonalizationTests.swift; sourceTree = "<group>"; };
		B10000000000000000000030 /* DictionaryStore.swift */ = {isa = PBXFileReference; lastKnownFileType = sourcecode.swift; path = DictionaryStore.swift; sourceTree = "<group>"; };
		B10000000000000000000031 /* DictionaryView.swift */ = {isa = PBXFileReference; lastKnownFileType = sourcecode.swift; path = DictionaryView.swift; sourceTree = "<group>"; };
		B20000000000000000000009 /* DictionaryTests.swift */ = {isa = PBXFileReference; lastKnownFileType = sourcecode.swift; path = DictionaryTests.swift; sourceTree = "<group>"; };
		B10000000000000000000032 /* DictionaryCorrection.swift */ = {isa = PBXFileReference; lastKnownFileType = sourcecode.swift; path = DictionaryCorrection.swift; sourceTree = "<group>"; };
		B10000000000000000000033 /* PostInsertionLearningController.swift */ = {isa = PBXFileReference; lastKnownFileType = sourcecode.swift; path = PostInsertionLearningController.swift; sourceTree = "<group>"; };
		B20000000000000000000010 /* DictionaryCorrectionTests.swift */ = {isa = PBXFileReference; lastKnownFileType = sourcecode.swift; path = DictionaryCorrectionTests.swift; sourceTree = "<group>"; };
		B10000000000000000000034 /* PermissionSetupController.swift */ = {isa = PBXFileReference; lastKnownFileType = sourcecode.swift; path = PermissionSetupController.swift; sourceTree = "<group>"; };
		B10000000000000000000035 /* MorieSetupView.swift */ = {isa = PBXFileReference; lastKnownFileType = sourcecode.swift; path = MorieSetupView.swift; sourceTree = "<group>"; };
		B20000000000000000000011 /* PermissionSetupTests.swift */ = {isa = PBXFileReference; lastKnownFileType = sourcecode.swift; path = PermissionSetupTests.swift; sourceTree = "<group>"; };
		B20000000000000000000012 /* CaptureHUDTests.swift */ = {isa = PBXFileReference; lastKnownFileType = sourcecode.swift; path = CaptureHUDTests.swift; sourceTree = "<group>"; };
		B10000000000000000000037 /* ExpressionProfile.swift */ = {isa = PBXFileReference; lastKnownFileType = sourcecode.swift; path = ExpressionProfile.swift; sourceTree = "<group>"; };
		B10000000000000000000038 /* ICloudSyncSettings.swift */ = {isa = PBXFileReference; lastKnownFileType = sourcecode.swift; path = ICloudSyncSettings.swift; sourceTree = "<group>"; };
		B10000000000000000000039 /* CaptureSessionController.swift */ = {isa = PBXFileReference; lastKnownFileType = sourcecode.swift; path = CaptureSessionController.swift; sourceTree = "<group>"; };
		B10000000000000000000040 /* CapturePersistenceWriter.swift */ = {isa = PBXFileReference; lastKnownFileType = sourcecode.swift; path = CapturePersistenceWriter.swift; sourceTree = "<group>"; };
		B10000000000000000000041 /* SpeechRecognitionBackend.swift */ = {isa = PBXFileReference; lastKnownFileType = sourcecode.swift; path = SpeechRecognitionBackend.swift; sourceTree = "<group>"; };
		B10000000000000000000042 /* OverviewView.swift */ = {isa = PBXFileReference; lastKnownFileType = sourcecode.swift; path = OverviewView.swift; sourceTree = "<group>"; };
		B10000000000000000000043 /* CaptureSoundFeedback.swift */ = {isa = PBXFileReference; lastKnownFileType = sourcecode.swift; path = CaptureSoundFeedback.swift; sourceTree = "<group>"; };
		B20000000000000000000013 /* ExpressionProfileTests.swift */ = {isa = PBXFileReference; lastKnownFileType = sourcecode.swift; path = ExpressionProfileTests.swift; sourceTree = "<group>"; };
		B10000000000000000000036 /* zh-Hans */ = {isa = PBXFileReference; lastKnownFileType = text.plist.strings; name = "zh-Hans"; path = "zh-Hans.lproj/InfoPlist.strings"; sourceTree = "<group>"; };
		B45000000000000000000001 /* Morie Runtime.app */ = {isa = PBXFileReference; explicitFileType = wrapper.application; includeInIndex = 0; path = "Morie Runtime.app"; sourceTree = BUILT_PRODUCTS_DIR; };
		B45000000000000000000002 /* MorieRuntimeIPC.swift */ = {isa = PBXFileReference; lastKnownFileType = sourcecode.swift; path = MorieRuntimeIPC.swift; sourceTree = "<group>"; };
		B45000000000000000000003 /* MorieRuntimeClient.swift */ = {isa = PBXFileReference; lastKnownFileType = sourcecode.swift; path = MorieRuntimeClient.swift; sourceTree = "<group>"; };
		B45000000000000000000004 /* CaptureShortcut.swift */ = {isa = PBXFileReference; lastKnownFileType = sourcecode.swift; path = CaptureShortcut.swift; sourceTree = "<group>"; };
		B45000000000000000000005 /* RefinementModelConfiguration.swift */ = {isa = PBXFileReference; lastKnownFileType = sourcecode.swift; path = RefinementModelConfiguration.swift; sourceTree = "<group>"; };
		B45000000000000000000006 /* DictionaryPresentationStore.swift */ = {isa = PBXFileReference; lastKnownFileType = sourcecode.swift; path = DictionaryPresentationStore.swift; sourceTree = "<group>"; };
		B45000000000000000000007 /* MemoryPresentationStore.swift */ = {isa = PBXFileReference; lastKnownFileType = sourcecode.swift; path = MemoryPresentationStore.swift; sourceTree = "<group>"; };
		B45000000000000000000008 /* MorieRuntimeController.swift */ = {isa = PBXFileReference; lastKnownFileType = sourcecode.swift; path = MorieRuntimeController.swift; sourceTree = "<group>"; };
		B45000000000000000000009 /* MorieRuntimeCapabilityController.swift */ = {isa = PBXFileReference; lastKnownFileType = sourcecode.swift; path = MorieRuntimeCapabilityController.swift; sourceTree = "<group>"; };
		B4500000000000000000000A /* MorieRuntimeMain.swift */ = {isa = PBXFileReference; lastKnownFileType = sourcecode.swift; path = MorieRuntimeMain.swift; sourceTree = "<group>"; };
		B4500000000000000000000B /* MorieRuntimeStatusItem.swift */ = {isa = PBXFileReference; lastKnownFileType = sourcecode.swift; path = MorieRuntimeStatusItem.swift; sourceTree = "<group>"; };
		B4500000000000000000000C /* MorieRuntimeXPCServer.swift */ = {isa = PBXFileReference; lastKnownFileType = sourcecode.swift; path = MorieRuntimeXPCServer.swift; sourceTree = "<group>"; };
		B4500000000000000000000D /* RuntimeCaptureHistoryController.swift */ = {isa = PBXFileReference; lastKnownFileType = sourcecode.swift; path = RuntimeCaptureHistoryController.swift; sourceTree = "<group>"; };
		B4500000000000000000000E /* me.morie.mac.runtime.plist */ = {isa = PBXFileReference; lastKnownFileType = text.plist.xml; path = me.morie.mac.runtime.plist; sourceTree = "<group>"; };
		B4500000000000000000000F /* MorieRuntime.entitlements */ = {isa = PBXFileReference; lastKnownFileType = text.plist.entitlements; path = MorieRuntime.entitlements; sourceTree = "<group>"; };
		B45000000000000000000010 /* MorieDefaults.swift */ = {isa = PBXFileReference; lastKnownFileType = sourcecode.swift; path = MorieDefaults.swift; sourceTree = "<group>"; };
/* End PBXFileReference section */

/* Begin PBXFrameworksBuildPhase section */
		C10000000000000000000001 /* Frameworks */ = {
			isa = PBXFrameworksBuildPhase;
			buildActionMask = 2147483647;
			files = (
			);
			runOnlyForDeploymentPostprocessing = 0;
		};
		C20000000000000000000001 /* Frameworks */ = {
			isa = PBXFrameworksBuildPhase;
			buildActionMask = 2147483647;
			files = (
			);
			runOnlyForDeploymentPostprocessing = 0;
		};
		C45000000000000000000002 /* Frameworks */ = {
			isa = PBXFrameworksBuildPhase;
			buildActionMask = 2147483647;
			files = (
			);
			runOnlyForDeploymentPostprocessing = 0;
		};
/* End PBXFrameworksBuildPhase section */

/* Begin PBXGroup section */
		D10000000000000000000001 = {
			isa = PBXGroup;
			children = (
				D10000000000000000000002 /* Morie */,
				D20000000000000000000001 /* MorieTests */,
				DA0000000000000000000001 /* Config */,
				D10000000000000000000003 /* Products */,
			);
			sourceTree = "<group>";
		};
		DA0000000000000000000001 /* Config */ = {
			isa = PBXGroup;
			children = (
				BA0000000000000000000001 /* Signing.xcconfig */,
				BA0000000000000000000002 /* LocalSigning.xcconfig.example */,
			);
			path = Config;
			sourceTree = "<group>";
		};
		D10000000000000000000002 /* Morie */ = {
			isa = PBXGroup;
			children = (
				D30000000000000000000001 /* App */,
				D45000000000000000000001 /* Runtime */,
				D45000000000000000000002 /* RuntimeIPC */,
				D30000000000000000000002 /* Features */,
				D30000000000000000000009 /* Platform */,
				D3000000000000000000000E /* Support */,
				D3000000000000000000000F /* Resources */,
				B10000000000000000000014 /* Morie.entitlements */,
				B4500000000000000000000F /* MorieRuntime.entitlements */,
			);
			path = Morie;
			sourceTree = "<group>";
		};
		D45000000000000000000001 /* Runtime */ = {
			isa = PBXGroup;
			children = (
				B45000000000000000000008 /* MorieRuntimeController.swift */,
				B45000000000000000000009 /* MorieRuntimeCapabilityController.swift */,
				B4500000000000000000000A /* MorieRuntimeMain.swift */,
				B4500000000000000000000B /* MorieRuntimeStatusItem.swift */,
				B4500000000000000000000C /* MorieRuntimeXPCServer.swift */,
				B4500000000000000000000D /* RuntimeCaptureHistoryController.swift */,
				B4500000000000000000000E /* me.morie.mac.runtime.plist */,
			);
			path = Runtime;
			sourceTree = "<group>";
		};
		D45000000000000000000002 /* RuntimeIPC */ = {
			isa = PBXGroup;
			children = (
				B45000000000000000000002 /* MorieRuntimeIPC.swift */,
				B45000000000000000000003 /* MorieRuntimeClient.swift */,
			);
			path = RuntimeIPC;
			sourceTree = "<group>";
		};
		D30000000000000000000001 /* App */ = {
			isa = PBXGroup;
			children = (
				B10000000000000000000001 /* MorieApp.swift */,
				B10000000000000000000002 /* AppController.swift */,
				B70000000000000000000001 /* AppRuntimeController.swift */,
				B70000000000000000000002 /* AppPreferencesController.swift */,
				B70000000000000000000003 /* AppCapabilityController.swift */,
				B10000000000000000000013 /* MorieControlCenter.swift */,
			);
			path = App;
			sourceTree = "<group>";
		};
		D30000000000000000000002 /* Features */ = {
			isa = PBXGroup;
			children = (
				D30000000000000000000010 /* Overview */,
				D80000000000000000000001 /* ApplicationContext */,
				D30000000000000000000003 /* Capture */,
				D30000000000000000000005 /* Memory */,
				D30000000000000000000006 /* Dictionary */,
				D30000000000000000000007 /* Personalization */,
				D30000000000000000000008 /* Setup */,
			);
			path = Features;
			sourceTree = "<group>";
		};
		D30000000000000000000010 /* Overview */ = {
			isa = PBXGroup;
			children = (
				B10000000000000000000042 /* OverviewView.swift */,
			);
			path = Overview;
			sourceTree = "<group>";
		};
		D80000000000000000000001 /* ApplicationContext */ = {
			isa = PBXGroup;
			children = (
				B80000000000000000000001 /* ApplicationContext.swift */,
				B80000000000000000000002 /* ApplicationContextCollector.swift */,
			);
			path = ApplicationContext;
			sourceTree = "<group>";
		};
		D30000000000000000000003 /* Capture */ = {
			isa = PBXGroup;
			children = (
				B10000000000000000000010 /* CaptureRecord.swift */,
				B10000000000000000000011 /* CaptureStore.swift */,
				B10000000000000000000015 /* CaptureAudioSource.swift */,
				B10000000000000000000018 /* CaptureAudioStream.swift */,
				B10000000000000000000016 /* CaptureFileTranscriber.swift */,
				B90000000000000000000001 /* SpeechContextHints.swift */,
				B10000000000000000000004 /* SpeechPipeline.swift */,
				B10000000000000000000027 /* CaptureRefinement.swift */,
				B10000000000000000000028 /* InputRefiner.swift */,
				B60000000000000000000001 /* RefinementPromptSettings.swift */,
				B10000000000000000000009 /* CaptureHUD.swift */,
				B10000000000000000000039 /* CaptureSessionController.swift */,
				B10000000000000000000040 /* CapturePersistenceWriter.swift */,
				B10000000000000000000041 /* SpeechRecognitionBackend.swift */,
				B10000000000000000000043 /* CaptureSoundFeedback.swift */,
				D30000000000000000000004 /* History */,
			);
			path = Capture;
			sourceTree = "<group>";
		};
		D30000000000000000000004 /* History */ = {
			isa = PBXGroup;
			children = (
				B10000000000000000000017 /* CaptureHistoryController.swift */,
				B30000000000000000000001 /* CaptureHistoryQuery.swift */,
				B10000000000000000000012 /* CaptureHistoryView.swift */,
			);
			path = History;
			sourceTree = "<group>";
		};
		D30000000000000000000005 /* Memory */ = {
			isa = PBXGroup;
			children = (
				B10000000000000000000019 /* MemoryRecord.swift */,
				B10000000000000000000023 /* MemoryAnalysisRecord.swift */,
				B10000000000000000000020 /* MemoryStore.swift */,
				B45000000000000000000007 /* MemoryPresentationStore.swift */,
				B10000000000000000000021 /* MemoryContextRetriever.swift */,
				B10000000000000000000024 /* MemoryLearner.swift */,
				B10000000000000000000025 /* MemoryLearningController.swift */,
				B10000000000000000000026 /* MemoryLearningView.swift */,
				B10000000000000000000022 /* MemoryView.swift */,
			);
			path = Memory;
			sourceTree = "<group>";
		};
		D30000000000000000000006 /* Dictionary */ = {
			isa = PBXGroup;
			children = (
				B10000000000000000000030 /* DictionaryStore.swift */,
				B45000000000000000000006 /* DictionaryPresentationStore.swift */,
				B10000000000000000000032 /* DictionaryCorrection.swift */,
				B10000000000000000000031 /* DictionaryView.swift */,
			);
			path = Dictionary;
			sourceTree = "<group>";
		};
		D30000000000000000000007 /* Personalization */ = {
			isa = PBXGroup;
			children = (
				B10000000000000000000029 /* CapturePersonalizer.swift */,
				B10000000000000000000037 /* ExpressionProfile.swift */,
				B10000000000000000000033 /* PostInsertionLearningController.swift */,
			);
			path = Personalization;
			sourceTree = "<group>";
		};
		D30000000000000000000008 /* Setup */ = {
			isa = PBXGroup;
			children = (
				B10000000000000000000034 /* PermissionSetupController.swift */,
				B10000000000000000000035 /* MorieSetupView.swift */,
			);
			path = Setup;
			sourceTree = "<group>";
		};
		D30000000000000000000009 /* Platform */ = {
			isa = PBXGroup;
			children = (
				D3000000000000000000000A /* Capabilities */,
				D3000000000000000000000B /* Input */,
				D3000000000000000000000C /* TextDelivery */,
				D3000000000000000000000D /* Cloud */,
			);
			path = Platform;
			sourceTree = "<group>";
		};
		D3000000000000000000000A /* Capabilities */ = {
			isa = PBXGroup;
			children = (
				B10000000000000000000003 /* CapabilityGate.swift */,
			);
			path = Capabilities;
			sourceTree = "<group>";
		};
		D3000000000000000000000B /* Input */ = {
			isa = PBXGroup;
			children = (
				B45000000000000000000004 /* CaptureShortcut.swift */,
				B10000000000000000000005 /* PushToTalkHotkey.swift */,
			);
			path = Input;
			sourceTree = "<group>";
		};
		D3000000000000000000000C /* TextDelivery */ = {
			isa = PBXGroup;
			children = (
				B10000000000000000000006 /* TextInjector.swift */,
			);
			path = TextDelivery;
			sourceTree = "<group>";
		};
		D3000000000000000000000D /* Cloud */ = {
			isa = PBXGroup;
			children = (
				B10000000000000000000038 /* ICloudSyncSettings.swift */,
				B45000000000000000000005 /* RefinementModelConfiguration.swift */,
				B50000000000000000000001 /* RefinementModelSettings.swift */,
			);
			path = Cloud;
			sourceTree = "<group>";
		};
		D3000000000000000000000E /* Support */ = {
			isa = PBXGroup;
			children = (
				B10000000000000000000008 /* Diagnostics.swift */,
				B45000000000000000000010 /* MorieDefaults.swift */,
			);
			path = Support;
			sourceTree = "<group>";
		};
		D3000000000000000000000F /* Resources */ = {
			isa = PBXGroup;
			children = (
				D10000000000000000000004 /* InfoPlist.strings */,
				B60000000000000000000002 /* DefaultRefinementInstructions.txt */,
			);
			path = Resources;
			sourceTree = "<group>";
		};
		D20000000000000000000001 /* MorieTests */ = {
			isa = PBXGroup;
			children = (
				D40000000000000000000001 /* Capture */,
				D40000000000000000000002 /* Memory */,
				D40000000000000000000003 /* Dictionary */,
				D40000000000000000000004 /* Personalization */,
				D40000000000000000000005 /* Setup */,
				D40000000000000000000006 /* Support */,
			);
			path = MorieTests;
			sourceTree = "<group>";
		};
		D40000000000000000000001 /* Capture */ = {
			isa = PBXGroup;
			children = (
				B20000000000000000000001 /* CaptureStoreTests.swift */,
				B20000000000000000000003 /* CaptureHistoryTests.swift */,
				B20000000000000000000005 /* CaptureAudioStreamTests.swift */,
				B20000000000000000000012 /* CaptureHUDTests.swift */,
			);
			path = Capture;
			sourceTree = "<group>";
		};
		D40000000000000000000002 /* Memory */ = {
			isa = PBXGroup;
			children = (
				B20000000000000000000006 /* MemoryTests.swift */,
				B20000000000000000000007 /* MemoryLearningTests.swift */,
			);
			path = Memory;
			sourceTree = "<group>";
		};
		D40000000000000000000003 /* Dictionary */ = {
			isa = PBXGroup;
			children = (
				B20000000000000000000009 /* DictionaryTests.swift */,
				B20000000000000000000010 /* DictionaryCorrectionTests.swift */,
			);
			path = Dictionary;
			sourceTree = "<group>";
		};
		D40000000000000000000004 /* Personalization */ = {
			isa = PBXGroup;
			children = (
				B20000000000000000000008 /* PersonalizationTests.swift */,
				B20000000000000000000013 /* ExpressionProfileTests.swift */,
			);
			path = Personalization;
			sourceTree = "<group>";
		};
		D40000000000000000000005 /* Setup */ = {
			isa = PBXGroup;
			children = (
				B20000000000000000000011 /* PermissionSetupTests.swift */,
			);
			path = Setup;
			sourceTree = "<group>";
		};
		D40000000000000000000006 /* Support */ = {
			isa = PBXGroup;
			children = (
				B20000000000000000000004 /* TestDiagnostics.swift */,
			);
			path = Support;
			sourceTree = "<group>";
		};
		D10000000000000000000003 /* Products */ = {
			isa = PBXGroup;
			children = (
				B10000000000000000000007 /* Morie.app */,
				B45000000000000000000001 /* Morie Runtime.app */,
				B20000000000000000000002 /* MorieTests.xctest */,
			);
			name = Products;
			sourceTree = "<group>";
		};
/* End PBXGroup section */

/* Begin PBXNativeTarget section */
		E10000000000000000000001 /* Morie */ = {
			isa = PBXNativeTarget;
			buildConfigurationList = F10000000000000000000002 /* Build configuration list for PBXNativeTarget "Morie" */;
			buildPhases = (
				C10000000000000000000002 /* Sources */,
				C10000000000000000000001 /* Frameworks */,
				C10000000000000000000003 /* Resources */,
				C45000000000000000000004 /* Embed Runtime */,
				C45000000000000000000005 /* Copy Runtime LaunchAgent */,
				C90000000000000000000001 /* Stamp Build Identity */,
			);
			buildRules = ();
			dependencies = ();
			name = Morie;
			packageProductDependencies = (
			);
			productName = Morie;
			productReference = B10000000000000000000007 /* Morie.app */;
			productType = "com.apple.product-type.application";
		};
		E20000000000000000000001 /* MorieTests */ = {
			isa = PBXNativeTarget;
			buildConfigurationList = F10000000000000000000003 /* Build configuration list for PBXNativeTarget "MorieTests" */;
			buildPhases = (
				C20000000000000000000002 /* Sources */,
				C20000000000000000000001 /* Frameworks */,
				C20000000000000000000003 /* Resources */,
			);
			buildRules = ();
			dependencies = ();
			name = MorieTests;
			packageProductDependencies = (
			);
			productName = MorieTests;
			productReference = B20000000000000000000002 /* MorieTests.xctest */;
			productType = "com.apple.product-type.bundle.unit-test";
		};
		E45000000000000000000001 /* Morie Runtime */ = {
			isa = PBXNativeTarget;
			buildConfigurationList = F45000000000000000000003 /* Build configuration list for PBXNativeTarget "Morie Runtime" */;
			buildPhases = (
				C45000000000000000000001 /* Sources */,
				C45000000000000000000002 /* Frameworks */,
				C45000000000000000000003 /* Resources */,
			);
			buildRules = ();
			dependencies = ();
			name = "Morie Runtime";
			packageProductDependencies = (
			);
			productName = "Morie Runtime";
			productReference = B45000000000000000000001 /* Morie Runtime.app */;
			productType = "com.apple.product-type.application";
		};
/* End PBXNativeTarget section */

/* Begin PBXVariantGroup section */
		D10000000000000000000004 /* InfoPlist.strings */ = {
			isa = PBXVariantGroup;
			children = (
				B10000000000000000000036 /* zh-Hans */,
			);
			name = InfoPlist.strings;
			sourceTree = "<group>";
		};
/* End PBXVariantGroup section */

/* Begin PBXProject section */
		E10000000000000000000002 /* Project object */ = {
			isa = PBXProject;
			attributes = {
				BuildIndependentTargetsInParallel = 1;
				LastSwiftUpdateCheck = 2700;
				LastUpgradeCheck = 2700;
				TargetAttributes = {
					E10000000000000000000001 = { CreatedOnToolsVersion = 27.0; };
					E45000000000000000000001 = { CreatedOnToolsVersion = 27.0; };
					E20000000000000000000001 = { CreatedOnToolsVersion = 27.0; };
				};
			};
			buildConfigurationList = F10000000000000000000001 /* Build configuration list for PBXProject "Morie" */;
			compatibilityVersion = "Xcode 16.0";
			developmentRegion = "zh-Hans";
			hasScannedForEncodings = 0;
			knownRegions = ("zh-Hans", Base);
			mainGroup = D10000000000000000000001;
			productRefGroup = D10000000000000000000003 /* Products */;
			packageReferences = (
			);
			projectDirPath = "";
			projectRoot = "";
			targets = (
				E10000000000000000000001 /* Morie */,
				E45000000000000000000001 /* Morie Runtime */,
				E20000000000000000000001 /* MorieTests */,
			);
		};
/* End PBXProject section */

/* Begin PBXResourcesBuildPhase section */
		C10000000000000000000003 /* Resources */ = {
			isa = PBXResourcesBuildPhase;
			buildActionMask = 2147483647;
			files = (
				A10000000000000000000022 /* InfoPlist.strings in Resources */,
				A60000000000000000000003 /* DefaultRefinementInstructions.txt in Resources */,
			);
			runOnlyForDeploymentPostprocessing = 0;
		};
		C20000000000000000000003 /* Resources */ = {
			isa = PBXResourcesBuildPhase;
			buildActionMask = 2147483647;
			files = (
				A60000000000000000000004 /* DefaultRefinementInstructions.txt in Resources */,
			);
			runOnlyForDeploymentPostprocessing = 0;
		};
		C45000000000000000000003 /* Resources */ = {
			isa = PBXResourcesBuildPhase;
			buildActionMask = 2147483647;
			files = (
				A4500000000000000000000A /* DefaultRefinementInstructions.txt in Resources */,
			);
			runOnlyForDeploymentPostprocessing = 0;
		};
/* End PBXResourcesBuildPhase section */

/* Begin PBXShellScriptBuildPhase section */
		C90000000000000000000001 /* Stamp Build Identity */ = {
			isa = PBXShellScriptBuildPhase;
			alwaysOutOfDate = 1;
			buildActionMask = 2147483647;
			files = (
			);
			inputPaths = (
				"$(SRCROOT)/scripts/stamp-build-identity.sh",
			);
			name = "Stamp Build Identity";
			outputPaths = (
				"$(TARGET_BUILD_DIR)/$(UNLOCALIZED_RESOURCES_FOLDER_PATH)/MorieBuildIdentity.plist",
			);
			runOnlyForDeploymentPostprocessing = 0;
			shellPath = /bin/sh;
			shellScript = "/bin/sh \"$SRCROOT/scripts/stamp-build-identity.sh\"\n";
			showEnvVarsInLog = 0;
		};
/* End PBXShellScriptBuildPhase section */

/* Begin PBXSourcesBuildPhase section */
		C10000000000000000000002 /* Sources */ = {
			isa = PBXSourcesBuildPhase;
			buildActionMask = 2147483647;
			files = (
				A45000000000000000000001 /* MorieRuntimeIPC.swift in Sources */,
				A45000000000000000000002 /* MorieRuntimeClient.swift in Sources */,
				A45000000000000000000003 /* CaptureShortcut.swift in Sources */,
				A45000000000000000000004 /* RefinementModelConfiguration.swift in Sources */,
				A45000000000000000000005 /* DictionaryPresentationStore.swift in Sources */,
				A45000000000000000000006 /* MemoryPresentationStore.swift in Sources */,
				A45000000000000000000007 /* MorieDefaults.swift in Sources */,
				A80000000000000000000001 /* ApplicationContext.swift in Sources */,
				A10000000000000000000020 /* PermissionSetupController.swift in Sources */,
				A10000000000000000000021 /* MorieSetupView.swift in Sources */,
				A10000000000000000000001 /* MorieApp.swift in Sources */,
				A10000000000000000000002 /* AppController.swift in Sources */,
				A70000000000000000000001 /* AppRuntimeController.swift in Sources */,
				A70000000000000000000002 /* AppPreferencesController.swift in Sources */,
				A70000000000000000000003 /* AppCapabilityController.swift in Sources */,
				A10000000000000000000007 /* Diagnostics.swift in Sources */,
				A10000000000000000000028 /* OverviewView.swift in Sources */,
				A10000000000000000000009 /* CaptureRecord.swift in Sources */,
				A1000000000000000000000B /* CaptureHistoryView.swift in Sources */,
				A1000000000000000000000C /* MorieControlCenter.swift in Sources */,
				A1000000000000000000000F /* CaptureHistoryController.swift in Sources */,
				A10000000000000000000011 /* MemoryRecord.swift in Sources */,
				A10000000000000000000013 /* MemoryContextRetriever.swift in Sources */,
				A10000000000000000000014 /* MemoryView.swift in Sources */,
				A10000000000000000000015 /* MemoryAnalysisRecord.swift in Sources */,
				A10000000000000000000018 /* MemoryLearningView.swift in Sources */,
				A10000000000000000000019 /* CaptureRefinement.swift in Sources */,
				A10000000000000000000024 /* ICloudSyncSettings.swift in Sources */,
				A1000000000000000000001E /* DictionaryCorrection.swift in Sources */,
				A1000000000000000000001D /* DictionaryView.swift in Sources */,
				A1000000000000000000001C /* DictionaryStore.swift in Sources */,
			);
			runOnlyForDeploymentPostprocessing = 0;
		};
		C20000000000000000000002 /* Sources */ = {
			isa = PBXSourcesBuildPhase;
			buildActionMask = 2147483647;
			files = (
				A45000000000000000000008 /* RefinementModelConfiguration.swift in Sources */,
				A45000000000000000000009 /* MorieDefaults.swift in Sources */,
				A90000000000000000000002 /* SpeechContextHints.swift in Sources */,
				A80000000000000000000003 /* ApplicationContext.swift in Sources */,
				A50000000000000000000004 /* RefinementModelSettings.swift in Sources */,
				A60000000000000000000002 /* RefinementPromptSettings.swift in Sources */,
				A2000000000000000000001D /* CaptureHUD.swift in Sources */,
				A2000000000000000000001E /* CaptureHUDTests.swift in Sources */,
				A2000000000000000000001A /* PermissionSetupController.swift in Sources */,
				A2000000000000000000001B /* PermissionSetupTests.swift in Sources */,
				A2000000000000000000001C /* CapabilityGate.swift in Sources */,
				A20000000000000000000001 /* CaptureStoreTests.swift in Sources */,
				A20000000000000000000002 /* CaptureRecord.swift in Sources */,
				A20000000000000000000003 /* CaptureStore.swift in Sources */,
				A20000000000000000000021 /* CapturePersistenceWriter.swift in Sources */,
				A20000000000000000000022 /* SpeechRecognitionBackend.swift in Sources */,
				A20000000000000000000023 /* CaptureSoundFeedback.swift in Sources */,
				A20000000000000000000004 /* TestDiagnostics.swift in Sources */,
				A20000000000000000000005 /* CaptureFileTranscriber.swift in Sources */,
				A20000000000000000000006 /* CaptureHistoryController.swift in Sources */,
				A30000000000000000000002 /* CaptureHistoryQuery.swift in Sources */,
				A20000000000000000000007 /* CaptureHistoryTests.swift in Sources */,
				A20000000000000000000008 /* CaptureAudioStream.swift in Sources */,
				A20000000000000000000009 /* CaptureAudioStreamTests.swift in Sources */,
				A2000000000000000000000A /* MemoryRecord.swift in Sources */,
				A2000000000000000000000B /* MemoryStore.swift in Sources */,
				A2000000000000000000000C /* MemoryContextRetriever.swift in Sources */,
				A2000000000000000000000D /* MemoryTests.swift in Sources */,
				A2000000000000000000000E /* MemoryAnalysisRecord.swift in Sources */,
				A2000000000000000000000F /* MemoryLearner.swift in Sources */,
				A20000000000000000000010 /* MemoryLearningController.swift in Sources */,
				A20000000000000000000011 /* MemoryLearningTests.swift in Sources */,
				A20000000000000000000012 /* CaptureRefinement.swift in Sources */,
				A20000000000000000000013 /* InputRefiner.swift in Sources */,
				A20000000000000000000014 /* CapturePersonalizer.swift in Sources */,
				A20000000000000000000015 /* PersonalizationTests.swift in Sources */,
				A2000000000000000000001F /* ExpressionProfile.swift in Sources */,
				A20000000000000000000020 /* ExpressionProfileTests.swift in Sources */,
				A20000000000000000000019 /* DictionaryCorrectionTests.swift in Sources */,
				A20000000000000000000018 /* DictionaryCorrection.swift in Sources */,
				A20000000000000000000017 /* DictionaryTests.swift in Sources */,
				A20000000000000000000016 /* DictionaryStore.swift in Sources */,
			);
			runOnlyForDeploymentPostprocessing = 0;
		};
		C45000000000000000000001 /* Sources */ = {
			isa = PBXSourcesBuildPhase;
			buildActionMask = 2147483647;
			files = (
				A4500000000000000000000D /* SpeechContextHints.swift in Sources */,
				A4500000000000000000000E /* ApplicationContext.swift in Sources */,
				A4500000000000000000000F /* ApplicationContextCollector.swift in Sources */,
				A45000000000000000000010 /* RefinementModelSettings.swift in Sources */,
				A45000000000000000000011 /* RefinementPromptSettings.swift in Sources */,
				A45000000000000000000012 /* PermissionSetupController.swift in Sources */,
				A45000000000000000000013 /* AppRuntimeController.swift in Sources */,
				A45000000000000000000014 /* AppPreferencesController.swift in Sources */,
				A45000000000000000000015 /* CapabilityGate.swift in Sources */,
				A45000000000000000000016 /* SpeechPipeline.swift in Sources */,
				A45000000000000000000017 /* PushToTalkHotkey.swift in Sources */,
				A45000000000000000000018 /* TextInjector.swift in Sources */,
				A45000000000000000000019 /* Diagnostics.swift in Sources */,
				A4500000000000000000001A /* CaptureHUD.swift in Sources */,
				A4500000000000000000001B /* CaptureSessionController.swift in Sources */,
				A4500000000000000000001C /* CapturePersistenceWriter.swift in Sources */,
				A4500000000000000000001D /* SpeechRecognitionBackend.swift in Sources */,
				A4500000000000000000001E /* CaptureSoundFeedback.swift in Sources */,
				A4500000000000000000001F /* CaptureRecord.swift in Sources */,
				A45000000000000000000020 /* CaptureStore.swift in Sources */,
				A45000000000000000000021 /* CaptureHistoryQuery.swift in Sources */,
				A45000000000000000000022 /* CaptureAudioSource.swift in Sources */,
				A45000000000000000000023 /* CaptureFileTranscriber.swift in Sources */,
				A45000000000000000000024 /* CaptureAudioStream.swift in Sources */,
				A45000000000000000000025 /* MemoryRecord.swift in Sources */,
				A45000000000000000000026 /* MemoryStore.swift in Sources */,
				A45000000000000000000027 /* MemoryContextRetriever.swift in Sources */,
				A45000000000000000000028 /* MemoryAnalysisRecord.swift in Sources */,
				A45000000000000000000029 /* MemoryLearner.swift in Sources */,
				A4500000000000000000002A /* MemoryLearningController.swift in Sources */,
				A4500000000000000000002B /* CaptureRefinement.swift in Sources */,
				A4500000000000000000002C /* InputRefiner.swift in Sources */,
				A4500000000000000000002D /* CapturePersonalizer.swift in Sources */,
				A4500000000000000000002E /* ExpressionProfile.swift in Sources */,
				A4500000000000000000002F /* ICloudSyncSettings.swift in Sources */,
				A45000000000000000000030 /* PostInsertionLearningController.swift in Sources */,
				A45000000000000000000031 /* DictionaryCorrection.swift in Sources */,
				A45000000000000000000032 /* DictionaryStore.swift in Sources */,
				A45000000000000000000033 /* CaptureShortcut.swift in Sources */,
				A45000000000000000000034 /* RefinementModelConfiguration.swift in Sources */,
				A45000000000000000000035 /* MorieDefaults.swift in Sources */,
				A45000000000000000000036 /* MorieRuntimeIPC.swift in Sources */,
				A45000000000000000000037 /* MorieRuntimeController.swift in Sources */,
				A45000000000000000000038 /* MorieRuntimeCapabilityController.swift in Sources */,
				A45000000000000000000039 /* MorieRuntimeMain.swift in Sources */,
				A4500000000000000000003A /* MorieRuntimeStatusItem.swift in Sources */,
				A4500000000000000000003B /* MorieRuntimeXPCServer.swift in Sources */,
				A4500000000000000000003C /* RuntimeCaptureHistoryController.swift in Sources */,
			);
			runOnlyForDeploymentPostprocessing = 0;
		};
/* End PBXSourcesBuildPhase section */

/* Begin PBXTargetDependency section */
		E46000000000000000000001 /* PBXTargetDependency */ = {
			isa = PBXTargetDependency;
			target = E45000000000000000000001 /* Morie Runtime */;
			targetProxy = C46000000000000000000001 /* PBXContainerItemProxy */;
		};
/* End PBXTargetDependency section */

/* Begin XCBuildConfiguration section */
		F20000000000000000000001 /* Debug */ = {
			isa = XCBuildConfiguration;
			buildSettings = {
				CLANG_ENABLE_MODULES = YES;
				MACOSX_DEPLOYMENT_TARGET = 27.0;
				SDKROOT = macosx;
				SWIFT_VERSION = 6.0;
			};
			name = Debug;
		};
		F20000000000000000000002 /* Release */ = {
			isa = XCBuildConfiguration;
			buildSettings = {
				CLANG_ENABLE_MODULES = YES;
				MACOSX_DEPLOYMENT_TARGET = 27.0;
				SDKROOT = macosx;
				SWIFT_COMPILATION_MODE = wholemodule;
				SWIFT_VERSION = 6.0;
			};
			name = Release;
		};
		F20000000000000000000003 /* Debug */ = {
			isa = XCBuildConfiguration;
			baseConfigurationReference = BA0000000000000000000001 /* Signing.xcconfig */;
			buildSettings = {
				CODE_SIGN_STYLE = Automatic;
				CURRENT_PROJECT_VERSION = 1;
				ENABLE_HARDENED_RUNTIME = YES;
				GENERATE_INFOPLIST_FILE = YES;
				MACOSX_DEPLOYMENT_TARGET = 27.0;
				MARKETING_VERSION = 0.1.0;
				PRODUCT_BUNDLE_IDENTIFIER = me.morie.mac;
				PRODUCT_NAME = "$(TARGET_NAME)";
				SWIFT_EMIT_LOC_STRINGS = YES;
				SWIFT_STRICT_CONCURRENCY = complete;
			};
			name = Debug;
		};
		F20000000000000000000004 /* Release */ = {
			isa = XCBuildConfiguration;
			baseConfigurationReference = BA0000000000000000000001 /* Signing.xcconfig */;
			buildSettings = {
				CODE_SIGN_STYLE = Automatic;
				CURRENT_PROJECT_VERSION = 1;
				ENABLE_HARDENED_RUNTIME = YES;
				GENERATE_INFOPLIST_FILE = YES;
				MACOSX_DEPLOYMENT_TARGET = 27.0;
				MARKETING_VERSION = 0.1.0;
				PRODUCT_BUNDLE_IDENTIFIER = me.morie.mac;
				PRODUCT_NAME = "$(TARGET_NAME)";
				SWIFT_EMIT_LOC_STRINGS = YES;
				SWIFT_STRICT_CONCURRENCY = complete;
			};
			name = Release;
		};
		F20000000000000000000005 /* Debug */ = {
			isa = XCBuildConfiguration;
			buildSettings = {
				CODE_SIGNING_ALLOWED = NO;
				GENERATE_INFOPLIST_FILE = YES;
				MACOSX_DEPLOYMENT_TARGET = 27.0;
				PRODUCT_BUNDLE_IDENTIFIER = com.sixspot.MorieTests;
				PRODUCT_NAME = "$(TARGET_NAME)";
				SWIFT_STRICT_CONCURRENCY = complete;
				SWIFT_VERSION = 6.0;
			};
			name = Debug;
		};
		F20000000000000000000006 /* Release */ = {
			isa = XCBuildConfiguration;
			buildSettings = {
				CODE_SIGNING_ALLOWED = NO;
				GENERATE_INFOPLIST_FILE = YES;
				MACOSX_DEPLOYMENT_TARGET = 27.0;
				PRODUCT_BUNDLE_IDENTIFIER = com.sixspot.MorieTests;
				PRODUCT_NAME = "$(TARGET_NAME)";
				SWIFT_STRICT_CONCURRENCY = complete;
				SWIFT_VERSION = 6.0;
			};
			name = Release;
		};
		F45000000000000000000001 /* Debug */ = {
			isa = XCBuildConfiguration;
			baseConfigurationReference = BA0000000000000000000001 /* Signing.xcconfig */;
			buildSettings = {
				CODE_SIGN_ENTITLEMENTS = Morie/MorieRuntime.entitlements;
				CODE_SIGN_STYLE = Automatic;
				CURRENT_PROJECT_VERSION = 1;
				ENABLE_HARDENED_RUNTIME = YES;
				GENERATE_INFOPLIST_FILE = YES;
				INFOPLIST_KEY_CFBundleDisplayName = Morie;
				INFOPLIST_KEY_LSUIElement = YES;
				INFOPLIST_KEY_NSMicrophoneUsageDescription = "Morie 仅在你主动开始录音后使用麦克风，记录你的语音输入。";
				INFOPLIST_KEY_NSSpeechRecognitionUsageDescription = "Morie 使用 Apple 本机语音识别，将你主动录制的内容转成文字。";
				MACOSX_DEPLOYMENT_TARGET = 27.0;
				MARKETING_VERSION = 0.1.0;
				PRODUCT_BUNDLE_IDENTIFIER = me.morie.mac.runtime;
				PRODUCT_NAME = "Morie Runtime";
				SKIP_INSTALL = YES;
				SWIFT_EMIT_LOC_STRINGS = YES;
				SWIFT_STRICT_CONCURRENCY = complete;
			};
			name = Debug;
		};
		F45000000000000000000002 /* Release */ = {
			isa = XCBuildConfiguration;
			baseConfigurationReference = BA0000000000000000000001 /* Signing.xcconfig */;
			buildSettings = {
				CODE_SIGN_ENTITLEMENTS = Morie/MorieRuntime.entitlements;
				CODE_SIGN_STYLE = Automatic;
				CURRENT_PROJECT_VERSION = 1;
				ENABLE_HARDENED_RUNTIME = YES;
				GENERATE_INFOPLIST_FILE = YES;
				INFOPLIST_KEY_CFBundleDisplayName = Morie;
				INFOPLIST_KEY_LSUIElement = YES;
				INFOPLIST_KEY_NSMicrophoneUsageDescription = "Morie 仅在你主动开始录音后使用麦克风，记录你的语音输入。";
				INFOPLIST_KEY_NSSpeechRecognitionUsageDescription = "Morie 使用 Apple 本机语音识别，将你主动录制的内容转成文字。";
				MACOSX_DEPLOYMENT_TARGET = 27.0;
				MARKETING_VERSION = 0.1.0;
				PRODUCT_BUNDLE_IDENTIFIER = me.morie.mac.runtime;
				PRODUCT_NAME = "Morie Runtime";
				SKIP_INSTALL = YES;
				SWIFT_EMIT_LOC_STRINGS = YES;
				SWIFT_STRICT_CONCURRENCY = complete;
			};
			name = Release;
		};
/* End XCBuildConfiguration section */

/* Begin XCConfigurationList section */
		F10000000000000000000001 /* Build configuration list for PBXProject "Morie" */ = {
			isa = XCConfigurationList;
			buildConfigurations = (
				F20000000000000000000001 /* Debug */,
				F20000000000000000000002 /* Release */,
			);
			defaultConfigurationIsVisible = 0;
			defaultConfigurationName = Release;
		};
		F10000000000000000000002 /* Build configuration list for PBXNativeTarget "Morie" */ = {
			isa = XCConfigurationList;
			buildConfigurations = (
				F20000000000000000000003 /* Debug */,
				F20000000000000000000004 /* Release */,
			);
			defaultConfigurationIsVisible = 0;
			defaultConfigurationName = Release;
		};
		F10000000000000000000003 /* Build configuration list for PBXNativeTarget "MorieTests" */ = {
			isa = XCConfigurationList;
			buildConfigurations = (
				F20000000000000000000005 /* Debug */,
				F20000000000000000000006 /* Release */,
			);
			defaultConfigurationIsVisible = 0;
			defaultConfigurationName = Release;
		};
		F45000000000000000000003 /* Build configuration list for PBXNativeTarget "Morie Runtime" */ = {
			isa = XCConfigurationList;
			buildConfigurations = (
				F45000000000000000000001 /* Debug */,
				F45000000000000000000002 /* Release */,
			);
			defaultConfigurationIsVisible = 0;
			defaultConfigurationName = Release;
		};
/* End XCConfigurationList section */
	};
	rootObject = E10000000000000000000002 /* Project object */;
}
