{
  "pins" : [
    {
      "identity" : "foundation-models-utilities",
      "kind" : "remoteSourceControl",
      "location" : "https://github.com/apple/foundation-models-utilities",
      "state" : {
        "revision" : "2aa12937e30d310687f40fc470ea35495816c9a4"
      }
    }
  ],
  "version" : 2
}
